
Microsoft Visual Studio Solution File, Format Version 12.00
# Visual Studio 15
VisualStudioVersion = 15.0.27130.2026
MinimumVisualStudioVersion = 10.0.40219.1
Project("{FAE04EC0-301F-11D3-BF4B-00C04F79EFBC}") = "Library", "Library\Library.csproj", "{5321A348-2BD4-494C-B306-E5D7927D7AB8}"
EndProject
Project("{2150E333-8FDC-42A3-9474-1A3956D46DE8}") = "Solution Items", "Solution Items", "{4168CEFD-77F4-4C33-AAB5-A3948115C955}"
	ProjectSection(SolutionItems) = preProject
		CHANGELOG.md = CHANGELOG.md
		README.md = README.md
	EndProjectSection
EndProject
Project("{FAE04EC0-301F-11D3-BF4B-00C04F79EFBC}") = "LibraryData", "LibraryData\LibraryData.csproj", "{20653797-FDE2-4EE4-800E-E602A5BDC4C2}"
EndProject
Project("{FAE04EC0-301F-11D3-BF4B-00C04F79EFBC}") = "LibraryServices", "LibraryServices\LibraryServices.csproj", "{F3E07FE9-08D9-4E6F-82CE-00CB9C7F547F}"
EndProject
Global
	GlobalSection(SolutionConfigurationPlatforms) = preSolution
		Debug|Any CPU = Debug|Any CPU
		Release|Any CPU = Release|Any CPU
	EndGlobalSection
	GlobalSection(ProjectConfigurationPlatforms) = postSolution
		{5321A348-2BD4-494C-B306-E5D7927D7AB8}.Debug|Any CPU.ActiveCfg = Debug|Any CPU
		{5321A348-2BD4-494C-B306-E5D7927D7AB8}.Debug|Any CPU.Build.0 = Debug|Any CPU
		{5321A348-2BD4-494C-B306-E5D7927D7AB8}.Release|Any CPU.ActiveCfg = Release|Any CPU
		{5321A348-2BD4-494C-B306-E5D7927D7AB8}.Release|Any CPU.Build.0 = Release|Any CPU
		{20653797-FDE2-4EE4-800E-E602A5BDC4C2}.Debug|Any CPU.ActiveCfg = Debug|Any CPU
		{20653797-FDE2-4EE4-800E-E602A5BDC4C2}.Debug|Any CPU.Build.0 = Debug|Any CPU
		{20653797-FDE2-4EE4-800E-E602A5BDC4C2}.Release|Any CPU.ActiveCfg = Release|Any CPU
		{20653797-FDE2-4EE4-800E-E602A5BDC4C2}.Release|Any CPU.Build.0 = Release|Any CPU
		{F3E07FE9-08D9-4E6F-82CE-00CB9C7F547F}.Debug|Any CPU.ActiveCfg = Debug|Any CPU
		{F3E07FE9-08D9-4E6F-82CE-00CB9C7F547F}.Debug|Any CPU.Build.0 = Debug|Any CPU
		{F3E07FE9-08D9-4E6F-82CE-00CB9C7F547F}.Release|Any CPU.ActiveCfg = Release|Any CPU
		{F3E07FE9-08D9-4E6F-82CE-00CB9C7F547F}.Release|Any CPU.Build.0 = Release|Any CPU
	EndGlobalSection
	GlobalSection(SolutionProperties) = preSolution
		HideSolutionNode = FALSE
	EndGlobalSection
	GlobalSection(ExtensibilityGlobals) = postSolution
		SolutionGuid = {715BBCED-6F0C-4ADB-B144-00AF91D2A285}
	EndGlobalSection
EndGlobal
